<?xml version="1.0" encoding="utf-8"?>
<Project ToolsVersion="4.0" xmlns="http://schemas.microsoft.com/developer/msbuild/2003">
  <ItemGroup>
    <Filter Include="Source Files">
      <UniqueIdentifier>{4FC737F1-C7A5-4376-A066-2A32D752A2FF}</UniqueIdentifier>
      <Extensions>cpp;c;cc;cxx;def;odl;idl;hpj;bat;asm;asmx</Extensions>
    </Filter>
    <Filter Include="Header Files">
      <UniqueIdentifier>{93995380-89BD-4b04-88EB-625FBE52EBFB}</UniqueIdentifier>
      <Extensions>h;hpp;hxx;hm;inl;inc;xsd</Extensions>
    </Filter>
    <Filter Include="Resource Files">
      <UniqueIdentifier>{67DA6AB6-F800-4c08-8B7A-83BB121AAD01}</UniqueIdentifier>
      <Extensions>rc;ico;cur;bmp;dlg;rc2;rct;bin;rgs;gif;jpg;jpeg;jpe;resx;tiff;tif;png;wav;mfcribbon-ms</Extensions>
    </Filter>
    <Filter Include="Header Files\Containers_Lib">
      <UniqueIdentifier>{6874ed0a-d1d0-4cd0-a1ac-98604e69a1da}</UniqueIdentifier>
    </Filter>
  </ItemGroup>
  <ItemGroup>
    <ClCompile Include="driver.cpp">
      <Filter>Source Files</Filter>
    </ClCompile>
  </ItemGroup>
  <ItemGroup>
    <ClInclude Include="..\Containers_Lib\MurmurHash3.h">
      <Filter>Header Files\Containers_Lib</Filter>
    </ClInclude>
    <ClInclude Include="..\Containers_Lib\utilContainer.h">
      <Filter>Header Files\Containers_Lib</Filter>
    </ClInclude>
    <ClInclude Include="..\Containers_Lib\utilDictionary.h">
      <Filter>Header Files\Containers_Lib</Filter>
    </ClInclude>
    <ClInclude Include="..\Containers_Lib\utilHashFunctions.h">
      <Filter>Header Files\Containers_Lib</Filter>
    </ClInclude>
    <ClInclude Include="..\Containers_Lib\utilHashTable.h">
      <Filter>Header Files\Containers_Lib</Filter>
    </ClInclude>
    <ClInclude Include="..\Containers_Lib\utilList.h">
      <Filter>Header Files\Containers_Lib</Filter>
    </ClInclude>
    <ClInclude Include="..\Containers_Lib\utilSortedContainer.h">
      <Filter>Header Files\Containers_Lib</Filter>
    </ClInclude>
    <ClInclude Include="..\Containers_Lib\utilSortedList.h">
      <Filter>Header Files\Containers_Lib</Filter>
    </ClInclude>
    <ClInclude Include="..\Containers_Lib\utilSortedVector.h">
      <Filter>Header Files\Containers_Lib</Filter>
    </ClInclude>
    <ClInclude Include="..\Containers_Lib\utilString.h">
      <Filter>Header Files\Containers_Lib</Filter>
    </ClInclude>
    <ClInclude Include="..\Containers_Lib\utilTemplateComparisonFunctions.h">
      <Filter>Header Files\Containers_Lib</Filter>
    </ClInclude>
    <ClInclude Include="..\Containers_Lib\utilUnsafeVector.h">
      <Filter>Header Files\Containers_Lib</Filter>
    </ClInclude>
    <ClInclude Include="..\Containers_Lib\utilVector.h">
      <Filter>Header Files\Containers_Lib</Filter>
    </ClInclude>
  </ItemGroup>
</Project>