
Microsoft Visual Studio Solution File, Format Version 12.00
# Visual Studio 15
VisualStudioVersion = 15.0.27130.2010
MinimumVisualStudioVersion = 10.0.40219.1
Project("{8BC9CEB8-8B4A-11D0-8D11-00A0C91BC942}") = "Containers_Lib", "Containers_Lib\Containers_Lib.vcxproj", "{D8749284-22B7-4FF8-AF30-A87A85199034}"
EndProject
Project("{8BC9CEB8-8B4A-11D0-8D11-00A0C91BC942}") = "Driver", "Driver\Driver.vcxproj", "{431D2A76-B729-4540-97F6-CA61C1F4A576}"
	ProjectSection(ProjectDependencies) = postProject
		{25976149-1820-412C-9414-2575FE562C9F} = {25976149-1820-412C-9414-2575FE562C9F}
		{0F6EC96B-852B-4503-9A20-A09BF862333A} = {0F6EC96B-852B-4503-9A20-A09BF862333A}
		{D8749284-22B7-4FF8-AF30-A87A85199034} = {D8749284-22B7-4FF8-AF30-A87A85199034}
		{7BDFA5D0-E8EC-400F-8E9C-51B2E95FF39A} = {7BDFA5D0-E8EC-400F-8E9C-51B2E95FF39A}
	EndProjectSection
EndProject
Project("{8BC9CEB8-8B4A-11D0-8D11-00A0C91BC942}") = "DebugForTest_Lib", "DebugForTest_Lib\DebugForTest_Lib.vcxproj", "{25976149-1820-412C-9414-2575FE562C9F}"
EndProject
Project("{8BC9CEB8-8B4A-11D0-8D11-00A0C91BC942}") = "Math_Lib", "Math_Lib\Math_Lib.vcxproj", "{7BDFA5D0-E8EC-400F-8E9C-51B2E95FF39A}"
EndProject
Project("{8BC9CEB8-8B4A-11D0-8D11-00A0C91BC942}") = "Memory_Lib", "Memory_Lib\Memory_Lib.vcxproj", "{0F6EC96B-852B-4503-9A20-A09BF862333A}"
EndProject
Global
	GlobalSection(SolutionConfigurationPlatforms) = preSolution
		Debug USE_DFT_LIB|Win32 = Debug USE_DFT_LIB|Win32
		Debug USE_DFT_LIB|x64 = Debug USE_DFT_LIB|x64
		Debug|Win32 = Debug|Win32
		Debug|x64 = Debug|x64
		Release USE_DFT_LIB|Win32 = Release USE_DFT_LIB|Win32
		Release USE_DFT_LIB|x64 = Release USE_DFT_LIB|x64
		Release|Win32 = Release|Win32
		Release|x64 = Release|x64
	EndGlobalSection
	GlobalSection(ProjectConfigurationPlatforms) = postSolution
		{D8749284-22B7-4FF8-AF30-A87A85199034}.Debug USE_DFT_LIB|Win32.ActiveCfg = Debug USE_DFT_LIB|Win32
		{D8749284-22B7-4FF8-AF30-A87A85199034}.Debug USE_DFT_LIB|Win32.Build.0 = Debug USE_DFT_LIB|Win32
		{D8749284-22B7-4FF8-AF30-A87A85199034}.Debug USE_DFT_LIB|x64.ActiveCfg = Debug USE_DFT_LIB|Win32
		{D8749284-22B7-4FF8-AF30-A87A85199034}.Debug|Win32.ActiveCfg = Debug|Win32
		{D8749284-22B7-4FF8-AF30-A87A85199034}.Debug|Win32.Build.0 = Debug|Win32
		{D8749284-22B7-4FF8-AF30-A87A85199034}.Debug|x64.ActiveCfg = Debug|Win32
		{D8749284-22B7-4FF8-AF30-A87A85199034}.Release USE_DFT_LIB|Win32.ActiveCfg = Release USE_DFT_LIB|Win32
		{D8749284-22B7-4FF8-AF30-A87A85199034}.Release USE_DFT_LIB|Win32.Build.0 = Release USE_DFT_LIB|Win32
		{D8749284-22B7-4FF8-AF30-A87A85199034}.Release USE_DFT_LIB|x64.ActiveCfg = Release USE_DFT_LIB|Win32
		{D8749284-22B7-4FF8-AF30-A87A85199034}.Release|Win32.ActiveCfg = Release|Win32
		{D8749284-22B7-4FF8-AF30-A87A85199034}.Release|Win32.Build.0 = Release|Win32
		{D8749284-22B7-4FF8-AF30-A87A85199034}.Release|x64.ActiveCfg = Release|Win32
		{431D2A76-B729-4540-97F6-CA61C1F4A576}.Debug USE_DFT_LIB|Win32.ActiveCfg = Debug USE_DFT_LIB|Win32
		{431D2A76-B729-4540-97F6-CA61C1F4A576}.Debug USE_DFT_LIB|Win32.Build.0 = Debug USE_DFT_LIB|Win32
		{431D2A76-B729-4540-97F6-CA61C1F4A576}.Debug USE_DFT_LIB|x64.ActiveCfg = Debug USE_DFT_LIB|Win32
		{431D2A76-B729-4540-97F6-CA61C1F4A576}.Debug|Win32.ActiveCfg = Debug|Win32
		{431D2A76-B729-4540-97F6-CA61C1F4A576}.Debug|Win32.Build.0 = Debug|Win32
		{431D2A76-B729-4540-97F6-CA61C1F4A576}.Debug|x64.ActiveCfg = Debug|Win32
		{431D2A76-B729-4540-97F6-CA61C1F4A576}.Release USE_DFT_LIB|Win32.ActiveCfg = Release USE_DFT_LIB|Win32
		{431D2A76-B729-4540-97F6-CA61C1F4A576}.Release USE_DFT_LIB|Win32.Build.0 = Release USE_DFT_LIB|Win32
		{431D2A76-B729-4540-97F6-CA61C1F4A576}.Release USE_DFT_LIB|x64.ActiveCfg = Release USE_DFT_LIB|Win32
		{431D2A76-B729-4540-97F6-CA61C1F4A576}.Release|Win32.ActiveCfg = Release|Win32
		{431D2A76-B729-4540-97F6-CA61C1F4A576}.Release|Win32.Build.0 = Release|Win32
		{431D2A76-B729-4540-97F6-CA61C1F4A576}.Release|x64.ActiveCfg = Release|Win32
		{25976149-1820-412C-9414-2575FE562C9F}.Debug USE_DFT_LIB|Win32.ActiveCfg = Debug USE_DFT_LIB|Win32
		{25976149-1820-412C-9414-2575FE562C9F}.Debug USE_DFT_LIB|Win32.Build.0 = Debug USE_DFT_LIB|Win32
		{25976149-1820-412C-9414-2575FE562C9F}.Debug USE_DFT_LIB|x64.ActiveCfg = Debug USE_DFT_LIB|Win32
		{25976149-1820-412C-9414-2575FE562C9F}.Debug|Win32.ActiveCfg = Debug|Win32
		{25976149-1820-412C-9414-2575FE562C9F}.Debug|Win32.Build.0 = Debug|Win32
		{25976149-1820-412C-9414-2575FE562C9F}.Debug|x64.ActiveCfg = Debug|Win32
		{25976149-1820-412C-9414-2575FE562C9F}.Release USE_DFT_LIB|Win32.ActiveCfg = Release USE_DFT_LIB|Win32
		{25976149-1820-412C-9414-2575FE562C9F}.Release USE_DFT_LIB|Win32.Build.0 = Release USE_DFT_LIB|Win32
		{25976149-1820-412C-9414-2575FE562C9F}.Release USE_DFT_LIB|x64.ActiveCfg = Release USE_DFT_LIB|Win32
		{25976149-1820-412C-9414-2575FE562C9F}.Release|Win32.ActiveCfg = Release|Win32
		{25976149-1820-412C-9414-2575FE562C9F}.Release|Win32.Build.0 = Release|Win32
		{25976149-1820-412C-9414-2575FE562C9F}.Release|x64.ActiveCfg = Release|Win32
		{7BDFA5D0-E8EC-400F-8E9C-51B2E95FF39A}.Debug USE_DFT_LIB|Win32.ActiveCfg = Debug USE_DFT_LIB|Win32
		{7BDFA5D0-E8EC-400F-8E9C-51B2E95FF39A}.Debug USE_DFT_LIB|Win32.Build.0 = Debug USE_DFT_LIB|Win32
		{7BDFA5D0-E8EC-400F-8E9C-51B2E95FF39A}.Debug USE_DFT_LIB|x64.ActiveCfg = Debug|x64
		{7BDFA5D0-E8EC-400F-8E9C-51B2E95FF39A}.Debug USE_DFT_LIB|x64.Build.0 = Debug|x64
		{7BDFA5D0-E8EC-400F-8E9C-51B2E95FF39A}.Debug|Win32.ActiveCfg = Debug|Win32
		{7BDFA5D0-E8EC-400F-8E9C-51B2E95FF39A}.Debug|Win32.Build.0 = Debug|Win32
		{7BDFA5D0-E8EC-400F-8E9C-51B2E95FF39A}.Debug|x64.ActiveCfg = Debug|x64
		{7BDFA5D0-E8EC-400F-8E9C-51B2E95FF39A}.Debug|x64.Build.0 = Debug|x64
		{7BDFA5D0-E8EC-400F-8E9C-51B2E95FF39A}.Release USE_DFT_LIB|Win32.ActiveCfg = Release USE_DFT_LIB|Win32
		{7BDFA5D0-E8EC-400F-8E9C-51B2E95FF39A}.Release USE_DFT_LIB|Win32.Build.0 = Release USE_DFT_LIB|Win32
		{7BDFA5D0-E8EC-400F-8E9C-51B2E95FF39A}.Release USE_DFT_LIB|x64.ActiveCfg = Release|x64
		{7BDFA5D0-E8EC-400F-8E9C-51B2E95FF39A}.Release USE_DFT_LIB|x64.Build.0 = Release|x64
		{7BDFA5D0-E8EC-400F-8E9C-51B2E95FF39A}.Release|Win32.ActiveCfg = Release|Win32
		{7BDFA5D0-E8EC-400F-8E9C-51B2E95FF39A}.Release|Win32.Build.0 = Release|Win32
		{7BDFA5D0-E8EC-400F-8E9C-51B2E95FF39A}.Release|x64.ActiveCfg = Release|x64
		{7BDFA5D0-E8EC-400F-8E9C-51B2E95FF39A}.Release|x64.Build.0 = Release|x64
		{0F6EC96B-852B-4503-9A20-A09BF862333A}.Debug USE_DFT_LIB|Win32.ActiveCfg = Debug USE_DFT_LIB|Win32
		{0F6EC96B-852B-4503-9A20-A09BF862333A}.Debug USE_DFT_LIB|Win32.Build.0 = Debug USE_DFT_LIB|Win32
		{0F6EC96B-852B-4503-9A20-A09BF862333A}.Debug USE_DFT_LIB|x64.ActiveCfg = Debug|x64
		{0F6EC96B-852B-4503-9A20-A09BF862333A}.Debug USE_DFT_LIB|x64.Build.0 = Debug|x64
		{0F6EC96B-852B-4503-9A20-A09BF862333A}.Debug|Win32.ActiveCfg = Debug|Win32
		{0F6EC96B-852B-4503-9A20-A09BF862333A}.Debug|Win32.Build.0 = Debug|Win32
		{0F6EC96B-852B-4503-9A20-A09BF862333A}.Debug|x64.ActiveCfg = Debug|x64
		{0F6EC96B-852B-4503-9A20-A09BF862333A}.Debug|x64.Build.0 = Debug|x64
		{0F6EC96B-852B-4503-9A20-A09BF862333A}.Release USE_DFT_LIB|Win32.ActiveCfg = Release USE_DFT_LIB|Win32
		{0F6EC96B-852B-4503-9A20-A09BF862333A}.Release USE_DFT_LIB|Win32.Build.0 = Release USE_DFT_LIB|Win32
		{0F6EC96B-852B-4503-9A20-A09BF862333A}.Release USE_DFT_LIB|x64.ActiveCfg = Release|x64
		{0F6EC96B-852B-4503-9A20-A09BF862333A}.Release USE_DFT_LIB|x64.Build.0 = Release|x64
		{0F6EC96B-852B-4503-9A20-A09BF862333A}.Release|Win32.ActiveCfg = Release|Win32
		{0F6EC96B-852B-4503-9A20-A09BF862333A}.Release|Win32.Build.0 = Release|Win32
		{0F6EC96B-852B-4503-9A20-A09BF862333A}.Release|x64.ActiveCfg = Release|x64
		{0F6EC96B-852B-4503-9A20-A09BF862333A}.Release|x64.Build.0 = Release|x64
	EndGlobalSection
	GlobalSection(SolutionProperties) = preSolution
		HideSolutionNode = FALSE
	EndGlobalSection
	GlobalSection(ExtensibilityGlobals) = postSolution
		SolutionGuid = {385B4E29-A41B-49C6-8347-46180A9D46F6}
	EndGlobalSection
EndGlobal
